PODS:
  - GoogleMaps (3.2.0):
    - GoogleMaps/Maps (= 3.2.0)
  - GoogleMaps/Base (3.2.0)
  - GoogleMaps/Maps (3.2.0):
    - GoogleMaps/Base
  - GooglePlaces (3.2.0):
    - GoogleMaps/Base (= 3.2.0)
  - RxCocoa (4.5.0):
    - RxSwift (>= 4.4.2, ~> 4.4)
  - RxSwift (4.5.0)
  - YAPlacePicker (0.4.5):
    - GoogleMaps
    - GooglePlaces
    - RxCocoa (= 4.5)
    - RxSwift (= 4.5)

DEPENDENCIES:
  - YAPlacePicker

SPEC REPOS:
  https://github.com/cocoapods/specs.git:
    - GoogleMaps
    - GooglePlaces
    - RxCocoa
    - RxSwift
    - YAPlacePicker

SPEC CHECKSUMS:
  GoogleMaps: 5046d7edfe381c1a0b20fdaf293915a375c3122b
  GooglePlaces: 41bc2e480816b1234a48f4bec92e1c886f37cfe1
  RxCocoa: cbf70265dc65a981d4ac982e513c10cf23df24a0
  RxSwift: f172070dfd1a93d70a9ab97a5a01166206e1c575
  YAPlacePicker: 7c7d5751d64a857deb334a257e4bceb76128de99

PODFILE CHECKSUM: e63863685be1cb6ea454efcd27c024799e31d393

COCOAPODS: 1.6.1
